
Microsoft Visual Studio Solution File, Format Version 12.00
# Visual Studio 2017
Project("{FAE04EC0-301F-11D3-BF4B-00C04F79EFBC}") = "ld-41-hawt-bawlz", "ld-41-hawt-bawlz.csproj", "{7D344997-22CD-AD1D-5BD9-46BB8B079DFC}"
EndProject
Global
	GlobalSection(SolutionConfigurationPlatforms) = preSolution
		Debug|Any CPU = Debug|Any CPU
		Release|Any CPU = Release|Any CPU
	EndGlobalSection
	GlobalSection(ProjectConfigurationPlatforms) = postSolution
		{7D344997-22CD-AD1D-5BD9-46BB8B079DFC}.Debug|Any CPU.ActiveCfg = Debug|Any CPU
		{7D344997-22CD-AD1D-5BD9-46BB8B079DFC}.Debug|Any CPU.Build.0 = Debug|Any CPU
		{7D344997-22CD-AD1D-5BD9-46BB8B079DFC}.Release|Any CPU.ActiveCfg = Release|Any CPU
		{7D344997-22CD-AD1D-5BD9-46BB8B079DFC}.Release|Any CPU.Build.0 = Release|Any CPU
	EndGlobalSection
	GlobalSection(SolutionProperties) = preSolution
		HideSolutionNode = FALSE
	EndGlobalSection
EndGlobal
